
Microsoft Visual Studio Solution File, Format Version 12.00
# Visual Studio Version 17
VisualStudioVersion = 17.11.35222.181
MinimumVisualStudioVersion = 10.0.40219.1
Project("{FAE04EC0-301F-11D3-BF4B-00C04F79EFBC}") = "Company.G06.PL", "Company.G06.PL\Company.G06.PL.csproj", "{BC7FFB11-B533-4311-AFB1-810AB3FD0C9E}"
EndProject
Project("{FAE04EC0-301F-11D3-BF4B-00C04F79EFBC}") = "Company.G06.DAL", "Company.G06.DAL\Company.G06.DAL.csproj", "{A9200E81-6037-4312-9435-C9D935E445C2}"
EndProject
Project("{FAE04EC0-301F-11D3-BF4B-00C04F79EFBC}") = "Company.G06.BLL", "Company.G06.BLL\Company.G06.BLL.csproj", "{04D45BF8-69C1-4B2C-A3EF-B4BDF786A892}"
EndProject
Global
	GlobalSection(SolutionConfigurationPlatforms) = preSolution
		Debug|Any CPU = Debug|Any CPU
		Release|Any CPU = Release|Any CPU
	EndGlobalSection
	GlobalSection(ProjectConfigurationPlatforms) = postSolution
		{BC7FFB11-B533-4311-AFB1-810AB3FD0C9E}.Debug|Any CPU.ActiveCfg = Debug|Any CPU
		{BC7FFB11-B533-4311-AFB1-810AB3FD0C9E}.Debug|Any CPU.Build.0 = Debug|Any CPU
		{BC7FFB11-B533-4311-AFB1-810AB3FD0C9E}.Release|Any CPU.ActiveCfg = Release|Any CPU
		{BC7FFB11-B533-4311-AFB1-810AB3FD0C9E}.Release|Any CPU.Build.0 = Release|Any CPU
		{A9200E81-6037-4312-9435-C9D935E445C2}.Debug|Any CPU.ActiveCfg = Debug|Any CPU
		{A9200E81-6037-4312-9435-C9D935E445C2}.Debug|Any CPU.Build.0 = Debug|Any CPU
		{A9200E81-6037-4312-9435-C9D935E445C2}.Release|Any CPU.ActiveCfg = Release|Any CPU
		{A9200E81-6037-4312-9435-C9D935E445C2}.Release|Any CPU.Build.0 = Release|Any CPU
		{04D45BF8-69C1-4B2C-A3EF-B4BDF786A892}.Debug|Any CPU.ActiveCfg = Debug|Any CPU
		{04D45BF8-69C1-4B2C-A3EF-B4BDF786A892}.Debug|Any CPU.Build.0 = Debug|Any CPU
		{04D45BF8-69C1-4B2C-A3EF-B4BDF786A892}.Release|Any CPU.ActiveCfg = Release|Any CPU
		{04D45BF8-69C1-4B2C-A3EF-B4BDF786A892}.Release|Any CPU.Build.0 = Release|Any CPU
	EndGlobalSection
	GlobalSection(SolutionProperties) = preSolution
		HideSolutionNode = FALSE
	EndGlobalSection
	GlobalSection(ExtensibilityGlobals) = postSolution
		SolutionGuid = {35CC4CAE-EEE8-466C-8BBF-B19150A896B9}
	EndGlobalSection
EndGlobal
